// !$*UTF8*$!
{
	archiveVersion = 1;
	classes = {
	};
	objectVersion = 50;
	objects = {

/* Begin PBXBuildFile section */
		6C0CCE0721C38FD700B67CF5 /* EmojiNode.swift in Sources */ = {isa = PBXBuildFile; fileRef = 6C0CCE0521C38FD700B67CF5 /* EmojiNode.swift */; };
		6C0CCE0821C38FD700B67CF5 /* StringExtension.swift in Sources */ = {isa = PBXBuildFile; fileRef = 6C0CCE0621C38FD700B67CF5 /* StringExtension.swift */; };
		6C45EA7721C38A1C002AB5B0 /* AppDelegate.swift in Sources */ = {isa = PBXBuildFile; fileRef = 6C45EA7621C38A1C002AB5B0 /* AppDelegate.swift */; };
		6C45EA7921C38A1C002AB5B0 /* EmojiBlingViewController.swift in Sources */ = {isa = PBXBuildFile; fileRef = 6C45EA7821C38A1C002AB5B0 /* EmojiBlingViewController.swift */; };
		6C45EA7C21C38A1C002AB5B0 /* Main.storyboard in Resources */ = {isa = PBXBuildFile; fileRef = 6C45EA7A21C38A1C002AB5B0 /* Main.storyboard */; };
		6C45EA7E21C38A1D002AB5B0 /* Assets.xcassets in Resources */ = {isa = PBXBuildFile; fileRef = 6C45EA7D21C38A1D002AB5B0 /* Assets.xcassets */; };
		6C45EA8121C38A1D002AB5B0 /* LaunchScreen.storyboard in Resources */ = {isa = PBXBuildFile; fileRef = 6C45EA7F21C38A1D002AB5B0 /* LaunchScreen.storyboard */; };
/* End PBXBuildFile section */

/* Begin PBXFileReference section */
		6C0CCE0521C38FD700B67CF5 /* EmojiNode.swift */ = {isa = PBXFileReference; fileEncoding = 4; lastKnownFileType = sourcecode.swift; path = EmojiNode.swift; sourceTree = "<group>"; };
		6C0CCE0621C38FD700B67CF5 /* StringExtension.swift */ = {isa = PBXFileReference; fileEncoding = 4; lastKnownFileType = sourcecode.swift; path = StringExtension.swift; sourceTree = "<group>"; };
		6C45EA7321C38A1C002AB5B0 /* MovembAR.app */ = {isa = PBXFileReference; explicitFileType = wrapper.application; includeInIndex = 0; path = MovembAR.app; sourceTree = BUILT_PRODUCTS_DIR; };
		6C45EA7621C38A1C002AB5B0 /* AppDelegate.swift */ = {isa = PBXFileReference; lastKnownFileType = sourcecode.swift; path = AppDelegate.swift; sourceTree = "<group>"; };
		6C45EA7821C38A1C002AB5B0 /* EmojiBlingViewController.swift */ = {isa = PBXFileReference; lastKnownFileType = sourcecode.swift; path = EmojiBlingViewController.swift; sourceTree = "<group>"; };
		6C45EA7B21C38A1C002AB5B0 /* Base */ = {isa = PBXFileReference; lastKnownFileType = file.storyboard; name = Base; path = Base.lproj/Main.storyboard; sourceTree = "<group>"; };
		6C45EA7D21C38A1D002AB5B0 /* Assets.xcassets */ = {isa = PBXFileReference; lastKnownFileType = folder.assetcatalog; path = Assets.xcassets; sourceTree = "<group>"; };
		6C45EA8021C38A1D002AB5B0 /* Base */ = {isa = PBXFileReference; lastKnownFileType = file.storyboard; name = Base; path = Base.lproj/LaunchScreen.storyboard; sourceTree = "<group>"; };
		6C45EA8221C38A1D002AB5B0 /* Info.plist */ = {isa = PBXFileReference; lastKnownFileType = text.plist.xml; path = Info.plist; sourceTree = "<group>"; };
/* End PBXFileReference section */

/* Begin PBXFrameworksBuildPhase section */
		6C45EA7021C38A1C002AB5B0 /* Frameworks */ = {
			isa = PBXFrameworksBuildPhase;
			buildActionMask = 2147483647;
			files = (
			);
			runOnlyForDeploymentPostprocessing = 0;
		};
/* End PBXFrameworksBuildPhase section */

/* Begin PBXGroup section */
		6C0CCE0421C38FD700B67CF5 /* SuperUsefulCode */ = {
			isa = PBXGroup;
			children = (
				6C0CCE0521C38FD700B67CF5 /* EmojiNode.swift */,
				6C0CCE0621C38FD700B67CF5 /* StringExtension.swift */,
			);
			path = SuperUsefulCode;
			sourceTree = "<group>";
		};
		6C45EA6A21C38A1C002AB5B0 = {
			isa = PBXGroup;
			children = (
				6C45EA7521C38A1C002AB5B0 /* Emoji Bling */,
				6C45EA7421C38A1C002AB5B0 /* Products */,
			);
			sourceTree = "<group>";
		};
		6C45EA7421C38A1C002AB5B0 /* Products */ = {
			isa = PBXGroup;
			children = (
				6C45EA7321C38A1C002AB5B0 /* MovembAR.app */,
			);
			name = Products;
			sourceTree = "<group>";
		};
		6C45EA7521C38A1C002AB5B0 /* Emoji Bling */ = {
			isa = PBXGroup;
			children = (
				6C0CCE0421C38FD700B67CF5 /* SuperUsefulCode */,
				6C45EA7621C38A1C002AB5B0 /* AppDelegate.swift */,
				6C45EA7821C38A1C002AB5B0 /* EmojiBlingViewController.swift */,
				6C45EA7A21C38A1C002AB5B0 /* Main.storyboard */,
				6C45EA7D21C38A1D002AB5B0 /* Assets.xcassets */,
				6C45EA7F21C38A1D002AB5B0 /* LaunchScreen.storyboard */,
				6C45EA8221C38A1D002AB5B0 /* Info.plist */,
			);
			path = "Emoji Bling";
			sourceTree = "<group>";
		};
/* End PBXGroup section */

/* Begin PBXNativeTarget section */
		6C45EA7221C38A1C002AB5B0 /* MovembAR */ = {
			isa = PBXNativeTarget;
			buildConfigurationList = 6C45EA8521C38A1D002AB5B0 /* Build configuration list for PBXNativeTarget "MovembAR" */;
			buildPhases = (
				6C45EA6F21C38A1C002AB5B0 /* Sources */,
				6C45EA7021C38A1C002AB5B0 /* Frameworks */,
				6C45EA7121C38A1C002AB5B0 /* Resources */,
			);
			buildRules = (
			);
			dependencies = (
			);
			name = MovembAR;
			productName = "Emoji Bling";
			productReference = 6C45EA7321C38A1C002AB5B0 /* MovembAR.app */;
			productType = "com.apple.product-type.application";
		};
/* End PBXNativeTarget section */

/* Begin PBXProject section */
		6C45EA6B21C38A1C002AB5B0 /* Project object */ = {
			isa = PBXProject;
			attributes = {
				LastSwiftUpdateCheck = 1010;
				LastUpgradeCheck = 1010;
				ORGANIZATIONNAME = "Subhransu Behera";
				TargetAttributes = {
					6C45EA7221C38A1C002AB5B0 = {
						CreatedOnToolsVersion = 10.1;
					};
				};
			};
			buildConfigurationList = 6C45EA6E21C38A1C002AB5B0 /* Build configuration list for PBXProject "MovembAR" */;
			compatibilityVersion = "Xcode 9.3";
			developmentRegion = en;
			hasScannedForEncodings = 0;
			knownRegions = (
				en,
				Base,
			);
			mainGroup = 6C45EA6A21C38A1C002AB5B0;
			productRefGroup = 6C45EA7421C38A1C002AB5B0 /* Products */;
			projectDirPath = "";
			projectRoot = "";
			targets = (
				6C45EA7221C38A1C002AB5B0 /* MovembAR */,
			);
		};
/* End PBXProject section */

/* Begin PBXResourcesBuildPhase section */
		6C45EA7121C38A1C002AB5B0 /* Resources */ = {
			isa = PBXResourcesBuildPhase;
			buildActionMask = 2147483647;
			files = (
				6C45EA8121C38A1D002AB5B0 /* LaunchScreen.storyboard in Resources */,
				6C45EA7E21C38A1D002AB5B0 /* Assets.xcassets in Resources */,
				6C45EA7C21C38A1C002AB5B0 /* Main.storyboard in Resources */,
			);
			runOnlyForDeploymentPostprocessing = 0;
		};
/* End PBXResourcesBuildPhase section */

/* Begin PBXSourcesBuildPhase section */
		6C45EA6F21C38A1C002AB5B0 /* Sources */ = {
			isa = PBXSourcesBuildPhase;
			buildActionMask = 2147483647;
			files = (
				6C0CCE0821C38FD700B67CF5 /* StringExtension.swift in Sources */,
				6C45EA7921C38A1C002AB5B0 /* EmojiBlingViewController.swift in Sources */,
				6C0CCE0721C38FD700B67CF5 /* EmojiNode.swift in Sources */,
				6C45EA7721C38A1C002AB5B0 /* AppDelegate.swift in Sources */,
			);
			runOnlyForDeploymentPostprocessing = 0;
		};
/* End PBXSourcesBuildPhase section */

/* Begin PBXVariantGroup section */
		6C45EA7A21C38A1C002AB5B0 /* Main.storyboard */ = {
			isa = PBXVariantGroup;
			children = (
				6C45EA7B21C38A1C002AB5B0 /* Base */,
			);
			name = Main.storyboard;
			sourceTree = "<group>";
		};
		6C45EA7F21C38A1D002AB5B0 /* LaunchScreen.storyboard */ = {
			isa = PBXVariantGroup;
			children = (
				6C45EA8021C38A1D002AB5B0 /* Base */,
			);
			name = LaunchScreen.storyboard;
			sourceTree = "<group>";
		};
/* End PBXVariantGroup section */

/* Begin XCBuildConfiguration section */
		6C45EA8321C38A1D002AB5B0 /* Debug */ = {
			isa = XCBuildConfiguration;
			buildSettings = {
				ALWAYS_SEARCH_USER_PATHS = NO;
				CLANG_ANALYZER_NONNULL = YES;
				CLANG_ANALYZER_NUMBER_OBJECT_CONVERSION = YES_AGGRESSIVE;
				CLANG_CXX_LANGUAGE_STANDARD = "gnu++14";
				CLANG_CXX_LIBRARY = "libc++";
				CLANG_ENABLE_MODULES = YES;
				CLANG_ENABLE_OBJC_ARC = YES;
				CLANG_ENABLE_OBJC_WEAK = YES;
				CLANG_WARN_BLOCK_CAPTURE_AUTORELEASING = YES;
				CLANG_WARN_BOOL_CONVERSION = YES;
				CLANG_WARN_COMMA = YES;
				CLANG_WARN_CONSTANT_CONVERSION = YES;
				CLANG_WARN_DEPRECATED_OBJC_IMPLEMENTATIONS = YES;
				CLANG_WARN_DIRECT_OBJC_ISA_USAGE = YES_ERROR;
				CLANG_WARN_DOCUMENTATION_COMMENTS = YES;
				CLANG_WARN_EMPTY_BODY = YES;
				CLANG_WARN_ENUM_CONVERSION = YES;
				CLANG_WARN_INFINITE_RECURSION = YES;
				CLANG_WARN_INT_CONVERSION = YES;
				CLANG_WARN_NON_LITERAL_NULL_CONVERSION = YES;
				CLANG_WARN_OBJC_IMPLICIT_RETAIN_SELF = YES;
				CLANG_WARN_OBJC_LITERAL_CONVERSION = YES;
				CLANG_WARN_OBJC_ROOT_CLASS = YES_ERROR;
				CLANG_WARN_RANGE_LOOP_ANALYSIS = YES;
				CLANG_WARN_STRICT_PROTOTYPES = YES;
				CLANG_WARN_SUSPICIOUS_MOVE = YES;
				CLANG_WARN_UNGUARDED_AVAILABILITY = YES_AGGRESSIVE;
				CLANG_WARN_UNREACHABLE_CODE = YES;
				CLANG_WARN__DUPLICATE_METHOD_MATCH = YES;
				CODE_SIGN_IDENTITY = "iPhone Developer";
				COPY_PHASE_STRIP = NO;
				DEBUG_INFORMATION_FORMAT = dwarf;
				ENABLE_STRICT_OBJC_MSGSEND = YES;
				ENABLE_TESTABILITY = YES;
				GCC_C_LANGUAGE_STANDARD = gnu11;
				GCC_DYNAMIC_NO_PIC = NO;
				GCC_NO_COMMON_BLOCKS = YES;
				GCC_OPTIMIZATION_LEVEL = 0;
				GCC_PREPROCESSOR_DEFINITIONS = (
					"DEBUG=1",
					"$(inherited)",
				);
				GCC_WARN_64_TO_32_BIT_CONVERSION = YES;
				GCC_WARN_ABOUT_RETURN_TYPE = YES_ERROR;
				GCC_WARN_UNDECLARED_SELECTOR = YES;
				GCC_WARN_UNINITIALIZED_AUTOS = YES_AGGRESSIVE;
				GCC_WARN_UNUSED_FUNCTION = YES;
				GCC_WARN_UNUSED_VARIABLE = YES;
				IPHONEOS_DEPLOYMENT_TARGET = 12.1;
				MTL_ENABLE_DEBUG_INFO = INCLUDE_SOURCE;
				MTL_FAST_MATH = YES;
				ONLY_ACTIVE_ARCH = YES;
				SDKROOT = iphoneos;
				SWIFT_ACTIVE_COMPILATION_CONDITIONS = DEBUG;
				SWIFT_OPTIMIZATION_LEVEL = "-Onone";
			};
			name = Debug;
		};
		6C45EA8421C38A1D002AB5B0 /* Release */ = {
			isa = XCBuildConfiguration;
			buildSettings = {
				ALWAYS_SEARCH_USER_PATHS = NO;
				CLANG_ANALYZER_NONNULL = YES;
				CLANG_ANALYZER_NUMBER_OBJECT_CONVERSION = YES_AGGRESSIVE;
				CLANG_CXX_LANGUAGE_STANDARD = "gnu++14";
				CLANG_CXX_LIBRARY = "libc++";
				CLANG_ENABLE_MODULES = YES;
				CLANG_ENABLE_OBJC_ARC = YES;
				CLANG_ENABLE_OBJC_WEAK = YES;
				CLANG_WARN_BLOCK_CAPTURE_AUTORELEASING = YES;
				CLANG_WARN_BOOL_CONVERSION = YES;
				CLANG_WARN_COMMA = YES;
				CLANG_WARN_CONSTANT_CONVERSION = YES;
				CLANG_WARN_DEPRECATED_OBJC_IMPLEMENTATIONS = YES;
				CLANG_WARN_DIRECT_OBJC_ISA_USAGE = YES_ERROR;
				CLANG_WARN_DOCUMENTATION_COMMENTS = YES;
				CLANG_WARN_EMPTY_BODY = YES;
				CLANG_WARN_ENUM_CONVERSION = YES;
				CLANG_WARN_INFINITE_RECURSION = YES;
				CLANG_WARN_INT_CONVERSION = YES;
				CLANG_WARN_NON_LITERAL_NULL_CONVERSION = YES;
				CLANG_WARN_OBJC_IMPLICIT_RETAIN_SELF = YES;
				CLANG_WARN_OBJC_LITERAL_CONVERSION = YES;
				CLANG_WARN_OBJC_ROOT_CLASS = YES_ERROR;
				CLANG_WARN_RANGE_LOOP_ANALYSIS = YES;
				CLANG_WARN_STRICT_PROTOTYPES = YES;
				CLANG_WARN_SUSPICIOUS_MOVE = YES;
				CLANG_WARN_UNGUARDED_AVAILABILITY = YES_AGGRESSIVE;
				CLANG_WARN_UNREACHABLE_CODE = YES;
				CLANG_WARN__DUPLICATE_METHOD_MATCH = YES;
				CODE_SIGN_IDENTITY = "iPhone Developer";
				COPY_PHASE_STRIP = NO;
				DEBUG_INFORMATION_FORMAT = "dwarf-with-dsym";
				ENABLE_NS_ASSERTIONS = NO;
				ENABLE_STRICT_OBJC_MSGSEND = YES;
				GCC_C_LANGUAGE_STANDARD = gnu11;
				GCC_NO_COMMON_BLOCKS = YES;
				GCC_WARN_64_TO_32_BIT_CONVERSION = YES;
				GCC_WARN_ABOUT_RETURN_TYPE = YES_ERROR;
				GCC_WARN_UNDECLARED_SELECTOR = YES;
				GCC_WARN_UNINITIALIZED_AUTOS = YES_AGGRESSIVE;
				GCC_WARN_UNUSED_FUNCTION = YES;
				GCC_WARN_UNUSED_VARIABLE = YES;
				IPHONEOS_DEPLOYMENT_TARGET = 12.1;
				MTL_ENABLE_DEBUG_INFO = NO;
				MTL_FAST_MATH = YES;
				SDKROOT = iphoneos;
				SWIFT_COMPILATION_MODE = wholemodule;
				SWIFT_OPTIMIZATION_LEVEL = "-O";
				VALIDATE_PRODUCT = YES;
			};
			name = Release;
		};
		6C45EA8621C38A1D002AB5B0 /* Debug */ = {
			isa = XCBuildConfiguration;
			buildSettings = {
				ASSETCATALOG_COMPILER_APPICON_NAME = AppIcon;
				CODE_SIGN_STYLE = Automatic;
				DEVELOPMENT_TEAM = DWEEU446VX;
				INFOPLIST_FILE = "Emoji Bling/Info.plist";
				LD_RUNPATH_SEARCH_PATHS = (
					"$(inherited)",
					"@executable_path/Frameworks",
				);
				PRODUCT_BUNDLE_IDENTIFIER = "org.subhb.Emoji-Bling";
				PRODUCT_NAME = "$(TARGET_NAME)";
				SWIFT_VERSION = 4.2;
				TARGETED_DEVICE_FAMILY = "1,2";
			};
			name = Debug;
		};
		6C45EA8721C38A1D002AB5B0 /* Release */ = {
			isa = XCBuildConfiguration;
			buildSettings = {
				ASSETCATALOG_COMPILER_APPICON_NAME = AppIcon;
				CODE_SIGN_STYLE = Automatic;
				DEVELOPMENT_TEAM = DWEEU446VX;
				INFOPLIST_FILE = "Emoji Bling/Info.plist";
				LD_RUNPATH_SEARCH_PATHS = (
					"$(inherited)",
					"@executable_path/Frameworks",
				);
				PRODUCT_BUNDLE_IDENTIFIER = "org.subhb.Emoji-Bling";
				PRODUCT_NAME = "$(TARGET_NAME)";
				SWIFT_VERSION = 4.2;
				TARGETED_DEVICE_FAMILY = "1,2";
			};
			name = Release;
		};
/* End XCBuildConfiguration section */

/* Begin XCConfigurationList section */
		6C45EA6E21C38A1C002AB5B0 /* Build configuration list for PBXProject "MovembAR" */ = {
			isa = XCConfigurationList;
			buildConfigurations = (
				6C45EA8321C38A1D002AB5B0 /* Debug */,
				6C45EA8421C38A1D002AB5B0 /* Release */,
			);
			defaultConfigurationIsVisible = 0;
			defaultConfigurationName = Release;
		};
		6C45EA8521C38A1D002AB5B0 /* Build configuration list for PBXNativeTarget "MovembAR" */ = {
			isa = XCConfigurationList;
			buildConfigurations = (
				6C45EA8621C38A1D002AB5B0 /* Debug */,
				6C45EA8721C38A1D002AB5B0 /* Release */,
			);
			defaultConfigurationIsVisible = 0;
			defaultConfigurationName = Release;
		};
/* End XCConfigurationList section */
	};
	rootObject = 6C45EA6B21C38A1C002AB5B0 /* Project object */;
}
